
Microsoft Visual Studio Solution File, Format Version 10.00
# Visual Studio 2008
Project("{8BC9CEB8-8B4A-11D0-8D11-00A0C91BC942}") = "ListOpenCLDevices", "ListOpenCLDevices\ListOpenCLDevices.vcproj", "{01F16E72-3DBA-44D1-9A30-47833FDF2260}"
EndProject
Global
	GlobalSection(SolutionConfigurationPlatforms) = preSolution
		Debug|Win32 = Debug|Win32
		Release|Win32 = Release|Win32
	EndGlobalSection
	GlobalSection(ProjectConfigurationPlatforms) = postSolution
		{01F16E72-3DBA-44D1-9A30-47833FDF2260}.Debug|Win32.ActiveCfg = Debug|Win32
		{01F16E72-3DBA-44D1-9A30-47833FDF2260}.Debug|Win32.Build.0 = Debug|Win32
		{01F16E72-3DBA-44D1-9A30-47833FDF2260}.Release|Win32.ActiveCfg = Release|Win32
		{01F16E72-3DBA-44D1-9A30-47833FDF2260}.Release|Win32.Build.0 = Release|Win32
	EndGlobalSection
	GlobalSection(SolutionProperties) = preSolution
		HideSolutionNode = FALSE
	EndGlobalSection
EndGlobal
