
Microsoft Visual Studio Solution File, Format Version 12.00
# Visual Studio 14
VisualStudioVersion = 14.0.25420.1
MinimumVisualStudioVersion = 10.0.40219.1
Project("{8BC9CEB8-8B4A-11D0-8D11-00A0C91BC942}") = "matplotlib-cpp", "matplotlib-cpp\matplotlib-cpp.vcxproj", "{280A3A9E-688B-4445-8C5A-7F1DE2ED67BB}"
EndProject
Global
	GlobalSection(SolutionConfigurationPlatforms) = preSolution
		Debug|x64 = Debug|x64
		Debug|x86 = Debug|x86
		Release|x64 = Release|x64
		Release|x86 = Release|x86
	EndGlobalSection
	GlobalSection(ProjectConfigurationPlatforms) = postSolution
		{280A3A9E-688B-4445-8C5A-7F1DE2ED67BB}.Debug|x64.ActiveCfg = Debug|x64
		{280A3A9E-688B-4445-8C5A-7F1DE2ED67BB}.Debug|x64.Build.0 = Debug|x64
		{280A3A9E-688B-4445-8C5A-7F1DE2ED67BB}.Debug|x86.ActiveCfg = Debug|Win32
		{280A3A9E-688B-4445-8C5A-7F1DE2ED67BB}.Debug|x86.Build.0 = Debug|Win32
		{280A3A9E-688B-4445-8C5A-7F1DE2ED67BB}.Release|x64.ActiveCfg = Release|x64
		{280A3A9E-688B-4445-8C5A-7F1DE2ED67BB}.Release|x64.Build.0 = Release|x64
		{280A3A9E-688B-4445-8C5A-7F1DE2ED67BB}.Release|x86.ActiveCfg = Release|Win32
		{280A3A9E-688B-4445-8C5A-7F1DE2ED67BB}.Release|x86.Build.0 = Release|Win32
	EndGlobalSection
	GlobalSection(SolutionProperties) = preSolution
		HideSolutionNode = FALSE
	EndGlobalSection
EndGlobal
