
Microsoft Visual Studio Solution File, Format Version 12.00
# Visual Studio 14
VisualStudioVersion = 14.0.25420.1
MinimumVisualStudioVersion = 10.0.40219.1
Project("{8BC9CEB8-8B4A-11D0-8D11-00A0C91BC942}") = "Test_Simple Pass", "Google Test.vcxproj", "{A97347F4-A37A-4D07-999D-121C3A4737EC}"
EndProject
Project("{8BC9CEB8-8B4A-11D0-8D11-00A0C91BC942}") = "Test_Simple Fail", "Test_Simple Fail\Test_Simple Fail.vcxproj", "{3FA0C18C-AA77-470C-96EA-B030FB49927A}"
EndProject
Project("{8BC9CEB8-8B4A-11D0-8D11-00A0C91BC942}") = "Test_Mixed Results", "Test_Mixed Results\Test_Mixed Results.vcxproj", "{A44A0DD4-9203-4141-8D35-2C31257D0E69}"
EndProject
Project("{8BC9CEB8-8B4A-11D0-8D11-00A0C91BC942}") = "Test_Crashed Application", "Test_Crashed Application\Test_Crashed Application.vcxproj", "{B1F15FAB-ABF3-4FD5-8CCA-8387FCEB03F3}"
EndProject
Project("{8BC9CEB8-8B4A-11D0-8D11-00A0C91BC942}") = "Text_Fixture", "Text_Fixture\Text_Fixture.vcxproj", "{396E27CC-8D0A-47A4-A79B-BDF09BC6975B}"
EndProject
Global
	GlobalSection(SolutionConfigurationPlatforms) = preSolution
		Debug|x64 = Debug|x64
		Debug|x86 = Debug|x86
		Release|x64 = Release|x64
		Release|x86 = Release|x86
	EndGlobalSection
	GlobalSection(ProjectConfigurationPlatforms) = postSolution
		{A97347F4-A37A-4D07-999D-121C3A4737EC}.Debug|x64.ActiveCfg = Debug|x64
		{A97347F4-A37A-4D07-999D-121C3A4737EC}.Debug|x64.Build.0 = Debug|x64
		{A97347F4-A37A-4D07-999D-121C3A4737EC}.Debug|x86.ActiveCfg = Debug|Win32
		{A97347F4-A37A-4D07-999D-121C3A4737EC}.Debug|x86.Build.0 = Debug|Win32
		{A97347F4-A37A-4D07-999D-121C3A4737EC}.Release|x64.ActiveCfg = Release|x64
		{A97347F4-A37A-4D07-999D-121C3A4737EC}.Release|x64.Build.0 = Release|x64
		{A97347F4-A37A-4D07-999D-121C3A4737EC}.Release|x86.ActiveCfg = Release|Win32
		{A97347F4-A37A-4D07-999D-121C3A4737EC}.Release|x86.Build.0 = Release|Win32
		{3FA0C18C-AA77-470C-96EA-B030FB49927A}.Debug|x64.ActiveCfg = Debug|x64
		{3FA0C18C-AA77-470C-96EA-B030FB49927A}.Debug|x64.Build.0 = Debug|x64
		{3FA0C18C-AA77-470C-96EA-B030FB49927A}.Debug|x86.ActiveCfg = Debug|Win32
		{3FA0C18C-AA77-470C-96EA-B030FB49927A}.Debug|x86.Build.0 = Debug|Win32
		{3FA0C18C-AA77-470C-96EA-B030FB49927A}.Release|x64.ActiveCfg = Release|x64
		{3FA0C18C-AA77-470C-96EA-B030FB49927A}.Release|x64.Build.0 = Release|x64
		{3FA0C18C-AA77-470C-96EA-B030FB49927A}.Release|x86.ActiveCfg = Release|Win32
		{3FA0C18C-AA77-470C-96EA-B030FB49927A}.Release|x86.Build.0 = Release|Win32
		{A44A0DD4-9203-4141-8D35-2C31257D0E69}.Debug|x64.ActiveCfg = Debug|x64
		{A44A0DD4-9203-4141-8D35-2C31257D0E69}.Debug|x64.Build.0 = Debug|x64
		{A44A0DD4-9203-4141-8D35-2C31257D0E69}.Debug|x86.ActiveCfg = Debug|Win32
		{A44A0DD4-9203-4141-8D35-2C31257D0E69}.Debug|x86.Build.0 = Debug|Win32
		{A44A0DD4-9203-4141-8D35-2C31257D0E69}.Release|x64.ActiveCfg = Release|x64
		{A44A0DD4-9203-4141-8D35-2C31257D0E69}.Release|x64.Build.0 = Release|x64
		{A44A0DD4-9203-4141-8D35-2C31257D0E69}.Release|x86.ActiveCfg = Release|Win32
		{A44A0DD4-9203-4141-8D35-2C31257D0E69}.Release|x86.Build.0 = Release|Win32
		{B1F15FAB-ABF3-4FD5-8CCA-8387FCEB03F3}.Debug|x64.ActiveCfg = Debug|x64
		{B1F15FAB-ABF3-4FD5-8CCA-8387FCEB03F3}.Debug|x64.Build.0 = Debug|x64
		{B1F15FAB-ABF3-4FD5-8CCA-8387FCEB03F3}.Debug|x86.ActiveCfg = Debug|Win32
		{B1F15FAB-ABF3-4FD5-8CCA-8387FCEB03F3}.Debug|x86.Build.0 = Debug|Win32
		{B1F15FAB-ABF3-4FD5-8CCA-8387FCEB03F3}.Release|x64.ActiveCfg = Release|x64
		{B1F15FAB-ABF3-4FD5-8CCA-8387FCEB03F3}.Release|x64.Build.0 = Release|x64
		{B1F15FAB-ABF3-4FD5-8CCA-8387FCEB03F3}.Release|x86.ActiveCfg = Release|Win32
		{B1F15FAB-ABF3-4FD5-8CCA-8387FCEB03F3}.Release|x86.Build.0 = Release|Win32
		{396E27CC-8D0A-47A4-A79B-BDF09BC6975B}.Debug|x64.ActiveCfg = Debug|x64
		{396E27CC-8D0A-47A4-A79B-BDF09BC6975B}.Debug|x64.Build.0 = Debug|x64
		{396E27CC-8D0A-47A4-A79B-BDF09BC6975B}.Debug|x86.ActiveCfg = Debug|Win32
		{396E27CC-8D0A-47A4-A79B-BDF09BC6975B}.Debug|x86.Build.0 = Debug|Win32
		{396E27CC-8D0A-47A4-A79B-BDF09BC6975B}.Release|x64.ActiveCfg = Release|x64
		{396E27CC-8D0A-47A4-A79B-BDF09BC6975B}.Release|x64.Build.0 = Release|x64
		{396E27CC-8D0A-47A4-A79B-BDF09BC6975B}.Release|x86.ActiveCfg = Release|Win32
		{396E27CC-8D0A-47A4-A79B-BDF09BC6975B}.Release|x86.Build.0 = Release|Win32
	EndGlobalSection
	GlobalSection(SolutionProperties) = preSolution
		HideSolutionNode = FALSE
	EndGlobalSection
EndGlobal
