
Microsoft Visual Studio Solution File, Format Version 12.00
# Visual Studio 15
VisualStudioVersion = 15.0.28307.779
MinimumVisualStudioVersion = 10.0.40219.1
Project("{8BC9CEB8-8B4A-11D0-8D11-00A0C91BC942}") = "Logging Example", "Logging Example\Logging Example.vcxproj", "{A8269473-515C-4985-8699-52C4F923D5D5}"
EndProject
Global
	GlobalSection(SolutionConfigurationPlatforms) = preSolution
		Debug|x64 = Debug|x64
		Debug|x86 = Debug|x86
		Release|x64 = Release|x64
		Release|x86 = Release|x86
	EndGlobalSection
	GlobalSection(ProjectConfigurationPlatforms) = postSolution
		{A8269473-515C-4985-8699-52C4F923D5D5}.Debug|x64.ActiveCfg = Debug|x64
		{A8269473-515C-4985-8699-52C4F923D5D5}.Debug|x64.Build.0 = Debug|x64
		{A8269473-515C-4985-8699-52C4F923D5D5}.Debug|x86.ActiveCfg = Debug|Win32
		{A8269473-515C-4985-8699-52C4F923D5D5}.Debug|x86.Build.0 = Debug|Win32
		{A8269473-515C-4985-8699-52C4F923D5D5}.Release|x64.ActiveCfg = Release|x64
		{A8269473-515C-4985-8699-52C4F923D5D5}.Release|x64.Build.0 = Release|x64
		{A8269473-515C-4985-8699-52C4F923D5D5}.Release|x86.ActiveCfg = Release|Win32
		{A8269473-515C-4985-8699-52C4F923D5D5}.Release|x86.Build.0 = Release|Win32
	EndGlobalSection
	GlobalSection(SolutionProperties) = preSolution
		HideSolutionNode = FALSE
	EndGlobalSection
	GlobalSection(ExtensibilityGlobals) = postSolution
		SolutionGuid = {D6B6EE12-6E4B-4190-8193-FF27679D51E7}
	EndGlobalSection
EndGlobal
