
Microsoft Visual Studio Solution File, Format Version 10.00
# Visual Studio 2008
Project("{8BC9CEB8-8B4A-11D0-8D11-00A0C91BC942}") = "Map Example", "Map Example.vcproj", "{05B976A9-35C9-4640-BBCB-C8129CE21791}"
EndProject
Global
	GlobalSection(SolutionConfigurationPlatforms) = preSolution
		Debug|Win32 = Debug|Win32
		Release|Win32 = Release|Win32
	EndGlobalSection
	GlobalSection(ProjectConfigurationPlatforms) = postSolution
		{05B976A9-35C9-4640-BBCB-C8129CE21791}.Debug|Win32.ActiveCfg = Debug|Win32
		{05B976A9-35C9-4640-BBCB-C8129CE21791}.Debug|Win32.Build.0 = Debug|Win32
		{05B976A9-35C9-4640-BBCB-C8129CE21791}.Release|Win32.ActiveCfg = Release|Win32
		{05B976A9-35C9-4640-BBCB-C8129CE21791}.Release|Win32.Build.0 = Release|Win32
	EndGlobalSection
	GlobalSection(SolutionProperties) = preSolution
		HideSolutionNode = FALSE
	EndGlobalSection
EndGlobal
